
Microsoft Visual Studio Solution File, Format Version 12.00
# Visual Studio Version 16
VisualStudioVersion = 16.0.32002.261
MinimumVisualStudioVersion = 10.0.40219.1
Project("{FAE04EC0-301F-11D3-BF4B-00C04F79EFBC}") = "SilaRelatywna", "SilaRelatywna.csproj", "{B77E069E-4570-41BB-B0FC-FFAA62B9F739}"
EndProject
Global
	GlobalSection(SolutionConfigurationPlatforms) = preSolution
		Debug|Any CPU = Debug|Any CPU
		Release|Any CPU = Release|Any CPU
	EndGlobalSection
	GlobalSection(ProjectConfigurationPlatforms) = postSolution
		{B77E069E-4570-41BB-B0FC-FFAA62B9F739}.Debug|Any CPU.ActiveCfg = Debug|Any CPU
		{B77E069E-4570-41BB-B0FC-FFAA62B9F739}.Debug|Any CPU.Build.0 = Debug|Any CPU
		{B77E069E-4570-41BB-B0FC-FFAA62B9F739}.Release|Any CPU.ActiveCfg = Release|Any CPU
		{B77E069E-4570-41BB-B0FC-FFAA62B9F739}.Release|Any CPU.Build.0 = Release|Any CPU
	EndGlobalSection
	GlobalSection(SolutionProperties) = preSolution
		HideSolutionNode = FALSE
	EndGlobalSection
	GlobalSection(ExtensibilityGlobals) = postSolution
		SolutionGuid = {5886B870-0D03-487F-BAD2-163531CD6D7F}
	EndGlobalSection
EndGlobal
